
Microsoft Visual Studio Solution File, Format Version 12.00
# Visual Studio Version 16
VisualStudioVersion = 16.0.32126.315
MinimumVisualStudioVersion = 10.0.40219.1
Project("{FAE04EC0-301F-11D3-BF4B-00C04F79EFBC}") = "WebBook", "WebBook\WebBook.csproj", "{56609437-B171-405C-8B55-DE9035D75ACD}"
EndProject
Global
	GlobalSection(SolutionConfigurationPlatforms) = preSolution
		Debug|Any CPU = Debug|Any CPU
		Release|Any CPU = Release|Any CPU
	EndGlobalSection
	GlobalSection(ProjectConfigurationPlatforms) = postSolution
		{56609437-B171-405C-8B55-DE9035D75ACD}.Debug|Any CPU.ActiveCfg = Debug|Any CPU
		{56609437-B171-405C-8B55-DE9035D75ACD}.Debug|Any CPU.Build.0 = Debug|Any CPU
		{56609437-B171-405C-8B55-DE9035D75ACD}.Release|Any CPU.ActiveCfg = Release|Any CPU
		{56609437-B171-405C-8B55-DE9035D75ACD}.Release|Any CPU.Build.0 = Release|Any CPU
	EndGlobalSection
	GlobalSection(SolutionProperties) = preSolution
		HideSolutionNode = FALSE
	EndGlobalSection
	GlobalSection(ExtensibilityGlobals) = postSolution
		SolutionGuid = {9DA5809B-5372-4D85-B2C9-C75EF669210C}
	EndGlobalSection
EndGlobal
